
Microsoft Visual Studio Solution File, Format Version 12.00
# Visual Studio 15
VisualStudioVersion = 15.0.26730.10
MinimumVisualStudioVersion = 10.0.40219.1


Project("{9A19103F-16F7-4668-BE54-9A1E7A4F7556}") = "eShopCMS.Core", "eShopCMS.Core\eShopCMS.Core\eShopCMS.Core.csproj", "{3794DFAC-E749-49A0-ABC5-1679CADE2D1B}"
EndProject

Project("{FAE04EC0-301F-11D3-BF4B-00C04F79EFBC}") = "eShopCMS.Core.iOS", "eShopCMS.Core\eShopCMS.Core.iOS\eShopCMS.Core.iOS.csproj", "{9215D1D1-A569-4E2A-B645-39BA91A7C9AC}"
EndProject


Project("{FAE04EC0-301F-11D3-BF4B-00C04F79EFBC}") = "eShopCMS.Core.Android", "eShopCMS.Core\eShopCMS.Core.Android\eShopCMS.Core.Android.csproj", "{1CE1FC15-4AF8-47E0-8656-D88A53DE2885}"
EndProject


Global
	GlobalSection(SolutionConfigurationPlatforms) = preSolution
		Ad-Hoc|Any CPU = Ad-Hoc|Any CPU
		Ad-Hoc|ARM = Ad-Hoc|ARM
		Ad-Hoc|iPhone = Ad-Hoc|iPhone
		Ad-Hoc|iPhoneSimulator = Ad-Hoc|iPhoneSimulator
		Ad-Hoc|x64 = Ad-Hoc|x64
		Ad-Hoc|x86 = Ad-Hoc|x86
		AppStore|Any CPU = AppStore|Any CPU
		AppStore|ARM = AppStore|ARM
		AppStore|iPhone = AppStore|iPhone
		AppStore|iPhoneSimulator = AppStore|iPhoneSimulator
		AppStore|x64 = AppStore|x64
		AppStore|x86 = AppStore|x86
		Debug|Any CPU = Debug|Any CPU
		Debug|ARM = Debug|ARM
		Debug|iPhone = Debug|iPhone
		Debug|iPhoneSimulator = Debug|iPhoneSimulator
		Debug|x64 = Debug|x64
		Debug|x86 = Debug|x86
		Release|Any CPU = Release|Any CPU
		Release|ARM = Release|ARM
		Release|iPhone = Release|iPhone
		Release|iPhoneSimulator = Release|iPhoneSimulator
		Release|x64 = Release|x64
		Release|x86 = Release|x86
	EndGlobalSection
	GlobalSection(ProjectConfigurationPlatforms) = postSolution
		{3794DFAC-E749-49A0-ABC5-1679CADE2D1B}.Ad-Hoc|Any CPU.ActiveCfg = Debug|Any CPU
		{3794DFAC-E749-49A0-ABC5-1679CADE2D1B}.Ad-Hoc|Any CPU.Build.0 = Debug|Any CPU
		{3794DFAC-E749-49A0-ABC5-1679CADE2D1B}.Ad-Hoc|ARM.ActiveCfg = Debug|Any CPU
		{3794DFAC-E749-49A0-ABC5-1679CADE2D1B}.Ad-Hoc|ARM.Build.0 = Debug|Any CPU
		{3794DFAC-E749-49A0-ABC5-1679CADE2D1B}.Ad-Hoc|iPhone.ActiveCfg = Debug|Any CPU
		{3794DFAC-E749-49A0-ABC5-1679CADE2D1B}.Ad-Hoc|iPhone.Build.0 = Debug|Any CPU
		{3794DFAC-E749-49A0-ABC5-1679CADE2D1B}.Ad-Hoc|iPhoneSimulator.ActiveCfg = Debug|Any CPU
		{3794DFAC-E749-49A0-ABC5-1679CADE2D1B}.Ad-Hoc|iPhoneSimulator.Build.0 = Debug|Any CPU
		{3794DFAC-E749-49A0-ABC5-1679CADE2D1B}.Ad-Hoc|x64.ActiveCfg = Debug|Any CPU
		{3794DFAC-E749-49A0-ABC5-1679CADE2D1B}.Ad-Hoc|x64.Build.0 = Debug|Any CPU
		{3794DFAC-E749-49A0-ABC5-1679CADE2D1B}.Ad-Hoc|x86.ActiveCfg = Debug|Any CPU
		{3794DFAC-E749-49A0-ABC5-1679CADE2D1B}.Ad-Hoc|x86.Build.0 = Debug|Any CPU
		{3794DFAC-E749-49A0-ABC5-1679CADE2D1B}.AppStore|Any CPU.ActiveCfg = Debug|Any CPU
		{3794DFAC-E749-49A0-ABC5-1679CADE2D1B}.AppStore|Any CPU.Build.0 = Debug|Any CPU
		{3794DFAC-E749-49A0-ABC5-1679CADE2D1B}.AppStore|ARM.ActiveCfg = Debug|Any CPU
		{3794DFAC-E749-49A0-ABC5-1679CADE2D1B}.AppStore|ARM.Build.0 = Debug|Any CPU
		{3794DFAC-E749-49A0-ABC5-1679CADE2D1B}.AppStore|iPhone.ActiveCfg = Debug|Any CPU
		{3794DFAC-E749-49A0-ABC5-1679CADE2D1B}.AppStore|iPhone.Build.0 = Debug|Any CPU
		{3794DFAC-E749-49A0-ABC5-1679CADE2D1B}.AppStore|iPhoneSimulator.ActiveCfg = Debug|Any CPU
		{3794DFAC-E749-49A0-ABC5-1679CADE2D1B}.AppStore|iPhoneSimulator.Build.0 = Debug|Any CPU
		{3794DFAC-E749-49A0-ABC5-1679CADE2D1B}.AppStore|x64.ActiveCfg = Debug|Any CPU
		{3794DFAC-E749-49A0-ABC5-1679CADE2D1B}.AppStore|x64.Build.0 = Debug|Any CPU
		{3794DFAC-E749-49A0-ABC5-1679CADE2D1B}.AppStore|x86.ActiveCfg = Debug|Any CPU
		{3794DFAC-E749-49A0-ABC5-1679CADE2D1B}.AppStore|x86.Build.0 = Debug|Any CPU
		{3794DFAC-E749-49A0-ABC5-1679CADE2D1B}.Debug|Any CPU.ActiveCfg = Debug|Any CPU
		{3794DFAC-E749-49A0-ABC5-1679CADE2D1B}.Debug|Any CPU.Build.0 = Debug|Any CPU
		{3794DFAC-E749-49A0-ABC5-1679CADE2D1B}.Debug|ARM.ActiveCfg = Debug|Any CPU
		{3794DFAC-E749-49A0-ABC5-1679CADE2D1B}.Debug|ARM.Build.0 = Debug|Any CPU
		{3794DFAC-E749-49A0-ABC5-1679CADE2D1B}.Debug|iPhone.ActiveCfg = Debug|Any CPU
		{3794DFAC-E749-49A0-ABC5-1679CADE2D1B}.Debug|iPhone.Build.0 = Debug|Any CPU
		{3794DFAC-E749-49A0-ABC5-1679CADE2D1B}.Debug|iPhoneSimulator.ActiveCfg = Debug|Any CPU
		{3794DFAC-E749-49A0-ABC5-1679CADE2D1B}.Debug|iPhoneSimulator.Build.0 = Debug|Any CPU
		{3794DFAC-E749-49A0-ABC5-1679CADE2D1B}.Debug|x64.ActiveCfg = Debug|Any CPU
		{3794DFAC-E749-49A0-ABC5-1679CADE2D1B}.Debug|x64.Build.0 = Debug|Any CPU
		{3794DFAC-E749-49A0-ABC5-1679CADE2D1B}.Debug|x86.ActiveCfg = Debug|Any CPU
		{3794DFAC-E749-49A0-ABC5-1679CADE2D1B}.Debug|x86.Build.0 = Debug|Any CPU
		{3794DFAC-E749-49A0-ABC5-1679CADE2D1B}.Release|Any CPU.ActiveCfg = Release|Any CPU
		{3794DFAC-E749-49A0-ABC5-1679CADE2D1B}.Release|Any CPU.Build.0 = Release|Any CPU
		{3794DFAC-E749-49A0-ABC5-1679CADE2D1B}.Release|ARM.ActiveCfg = Release|Any CPU
		{3794DFAC-E749-49A0-ABC5-1679CADE2D1B}.Release|ARM.Build.0 = Release|Any CPU
		{3794DFAC-E749-49A0-ABC5-1679CADE2D1B}.Release|iPhone.ActiveCfg = Release|Any CPU
		{3794DFAC-E749-49A0-ABC5-1679CADE2D1B}.Release|iPhone.Build.0 = Release|Any CPU
		{3794DFAC-E749-49A0-ABC5-1679CADE2D1B}.Release|iPhoneSimulator.ActiveCfg = Release|Any CPU
		{3794DFAC-E749-49A0-ABC5-1679CADE2D1B}.Release|iPhoneSimulator.Build.0 = Release|Any CPU
		{3794DFAC-E749-49A0-ABC5-1679CADE2D1B}.Release|x64.ActiveCfg = Release|Any CPU
		{3794DFAC-E749-49A0-ABC5-1679CADE2D1B}.Release|x64.Build.0 = Release|Any CPU
		{3794DFAC-E749-49A0-ABC5-1679CADE2D1B}.Release|x86.ActiveCfg = Release|Any CPU
		{3794DFAC-E749-49A0-ABC5-1679CADE2D1B}.Release|x86.Build.0 = Release|Any CPU
		{9215D1D1-A569-4E2A-B645-39BA91A7C9AC}.Ad-Hoc|Any CPU.ActiveCfg = Ad-Hoc|iPhone
		{9215D1D1-A569-4E2A-B645-39BA91A7C9AC}.Ad-Hoc|ARM.ActiveCfg = Ad-Hoc|iPhone
		{9215D1D1-A569-4E2A-B645-39BA91A7C9AC}.Ad-Hoc|iPhone.ActiveCfg = Ad-Hoc|iPhone
		{9215D1D1-A569-4E2A-B645-39BA91A7C9AC}.Ad-Hoc|iPhone.Build.0 = Ad-Hoc|iPhone
		{9215D1D1-A569-4E2A-B645-39BA91A7C9AC}.Ad-Hoc|iPhoneSimulator.ActiveCfg = Ad-Hoc|iPhoneSimulator
		{9215D1D1-A569-4E2A-B645-39BA91A7C9AC}.Ad-Hoc|iPhoneSimulator.Build.0 = Ad-Hoc|iPhoneSimulator
		{9215D1D1-A569-4E2A-B645-39BA91A7C9AC}.Ad-Hoc|x64.ActiveCfg = Ad-Hoc|iPhone
		{9215D1D1-A569-4E2A-B645-39BA91A7C9AC}.Ad-Hoc|x86.ActiveCfg = Ad-Hoc|iPhone
		{9215D1D1-A569-4E2A-B645-39BA91A7C9AC}.AppStore|Any CPU.ActiveCfg = AppStore|iPhone
		{9215D1D1-A569-4E2A-B645-39BA91A7C9AC}.AppStore|ARM.ActiveCfg = AppStore|iPhone
		{9215D1D1-A569-4E2A-B645-39BA91A7C9AC}.AppStore|iPhone.ActiveCfg = AppStore|iPhone
		{9215D1D1-A569-4E2A-B645-39BA91A7C9AC}.AppStore|iPhone.Build.0 = AppStore|iPhone
		{9215D1D1-A569-4E2A-B645-39BA91A7C9AC}.AppStore|iPhoneSimulator.ActiveCfg = AppStore|iPhoneSimulator
		{9215D1D1-A569-4E2A-B645-39BA91A7C9AC}.AppStore|iPhoneSimulator.Build.0 = AppStore|iPhoneSimulator
		{9215D1D1-A569-4E2A-B645-39BA91A7C9AC}.AppStore|x64.ActiveCfg = AppStore|iPhone
		{9215D1D1-A569-4E2A-B645-39BA91A7C9AC}.AppStore|x86.ActiveCfg = AppStore|iPhone
		{9215D1D1-A569-4E2A-B645-39BA91A7C9AC}.Debug|Any CPU.ActiveCfg = Debug|iPhone
		{9215D1D1-A569-4E2A-B645-39BA91A7C9AC}.Debug|ARM.ActiveCfg = Debug|iPhone
		{9215D1D1-A569-4E2A-B645-39BA91A7C9AC}.Debug|iPhone.ActiveCfg = Debug|iPhone
		{9215D1D1-A569-4E2A-B645-39BA91A7C9AC}.Debug|iPhone.Build.0 = Debug|iPhone
		{9215D1D1-A569-4E2A-B645-39BA91A7C9AC}.Debug|iPhoneSimulator.ActiveCfg = Debug|iPhoneSimulator
		{9215D1D1-A569-4E2A-B645-39BA91A7C9AC}.Debug|iPhoneSimulator.Build.0 = Debug|iPhoneSimulator
		{9215D1D1-A569-4E2A-B645-39BA91A7C9AC}.Debug|x64.ActiveCfg = Debug|iPhone
		{9215D1D1-A569-4E2A-B645-39BA91A7C9AC}.Debug|x86.ActiveCfg = Debug|iPhone
		{9215D1D1-A569-4E2A-B645-39BA91A7C9AC}.Release|Any CPU.ActiveCfg = Release|iPhone
		{9215D1D1-A569-4E2A-B645-39BA91A7C9AC}.Release|ARM.ActiveCfg = Release|iPhone
		{9215D1D1-A569-4E2A-B645-39BA91A7C9AC}.Release|iPhone.ActiveCfg = Release|iPhone
		{9215D1D1-A569-4E2A-B645-39BA91A7C9AC}.Release|iPhone.Build.0 = Release|iPhone
		{9215D1D1-A569-4E2A-B645-39BA91A7C9AC}.Release|iPhoneSimulator.ActiveCfg = Release|iPhoneSimulator
		{9215D1D1-A569-4E2A-B645-39BA91A7C9AC}.Release|iPhoneSimulator.Build.0 = Release|iPhoneSimulator
		{9215D1D1-A569-4E2A-B645-39BA91A7C9AC}.Release|x64.ActiveCfg = Release|iPhone
		{9215D1D1-A569-4E2A-B645-39BA91A7C9AC}.Release|x86.ActiveCfg = Release|iPhone
		{D21220D0-A076-4D33-8D96-71F3EDC78DD1}.Ad-Hoc|Any CPU.ActiveCfg = Release|x86
		{D21220D0-A076-4D33-8D96-71F3EDC78DD1}.Ad-Hoc|Any CPU.Build.0 = Release|x86
		{D21220D0-A076-4D33-8D96-71F3EDC78DD1}.Ad-Hoc|Any CPU.Deploy.0 = Release|x86
		{D21220D0-A076-4D33-8D96-71F3EDC78DD1}.Ad-Hoc|ARM.ActiveCfg = Release|ARM
		{D21220D0-A076-4D33-8D96-71F3EDC78DD1}.Ad-Hoc|ARM.Build.0 = Release|ARM
		{D21220D0-A076-4D33-8D96-71F3EDC78DD1}.Ad-Hoc|ARM.Deploy.0 = Release|ARM
		{D21220D0-A076-4D33-8D96-71F3EDC78DD1}.Ad-Hoc|iPhone.ActiveCfg = Release|x86
		{D21220D0-A076-4D33-8D96-71F3EDC78DD1}.Ad-Hoc|iPhone.Build.0 = Release|x86
		{D21220D0-A076-4D33-8D96-71F3EDC78DD1}.Ad-Hoc|iPhone.Deploy.0 = Release|x86
		{D21220D0-A076-4D33-8D96-71F3EDC78DD1}.Ad-Hoc|iPhoneSimulator.ActiveCfg = Release|x86
		{D21220D0-A076-4D33-8D96-71F3EDC78DD1}.Ad-Hoc|iPhoneSimulator.Build.0 = Release|x86
		{D21220D0-A076-4D33-8D96-71F3EDC78DD1}.Ad-Hoc|iPhoneSimulator.Deploy.0 = Release|x86
		{D21220D0-A076-4D33-8D96-71F3EDC78DD1}.Ad-Hoc|x64.ActiveCfg = Release|x64
		{D21220D0-A076-4D33-8D96-71F3EDC78DD1}.Ad-Hoc|x64.Build.0 = Release|x64
		{D21220D0-A076-4D33-8D96-71F3EDC78DD1}.Ad-Hoc|x64.Deploy.0 = Release|x64
		{D21220D0-A076-4D33-8D96-71F3EDC78DD1}.Ad-Hoc|x86.ActiveCfg = Release|x86
		{D21220D0-A076-4D33-8D96-71F3EDC78DD1}.Ad-Hoc|x86.Build.0 = Release|x86
		{D21220D0-A076-4D33-8D96-71F3EDC78DD1}.Ad-Hoc|x86.Deploy.0 = Release|x86
		{D21220D0-A076-4D33-8D96-71F3EDC78DD1}.AppStore|Any CPU.ActiveCfg = Release|x86
		{D21220D0-A076-4D33-8D96-71F3EDC78DD1}.AppStore|Any CPU.Build.0 = Release|x86
		{D21220D0-A076-4D33-8D96-71F3EDC78DD1}.AppStore|Any CPU.Deploy.0 = Release|x86
		{D21220D0-A076-4D33-8D96-71F3EDC78DD1}.AppStore|ARM.ActiveCfg = Release|ARM
		{D21220D0-A076-4D33-8D96-71F3EDC78DD1}.AppStore|ARM.Build.0 = Release|ARM
		{D21220D0-A076-4D33-8D96-71F3EDC78DD1}.AppStore|ARM.Deploy.0 = Release|ARM
		{D21220D0-A076-4D33-8D96-71F3EDC78DD1}.AppStore|iPhone.ActiveCfg = Release|x86
		{D21220D0-A076-4D33-8D96-71F3EDC78DD1}.AppStore|iPhone.Build.0 = Release|x86
		{D21220D0-A076-4D33-8D96-71F3EDC78DD1}.AppStore|iPhone.Deploy.0 = Release|x86
		{D21220D0-A076-4D33-8D96-71F3EDC78DD1}.AppStore|iPhoneSimulator.ActiveCfg = Release|x86
		{D21220D0-A076-4D33-8D96-71F3EDC78DD1}.AppStore|iPhoneSimulator.Build.0 = Release|x86
		{D21220D0-A076-4D33-8D96-71F3EDC78DD1}.AppStore|iPhoneSimulator.Deploy.0 = Release|x86
		{D21220D0-A076-4D33-8D96-71F3EDC78DD1}.AppStore|x64.ActiveCfg = Release|x64
		{D21220D0-A076-4D33-8D96-71F3EDC78DD1}.AppStore|x64.Build.0 = Release|x64
		{D21220D0-A076-4D33-8D96-71F3EDC78DD1}.AppStore|x64.Deploy.0 = Release|x64
		{D21220D0-A076-4D33-8D96-71F3EDC78DD1}.AppStore|x86.ActiveCfg = Release|x86
		{D21220D0-A076-4D33-8D96-71F3EDC78DD1}.AppStore|x86.Build.0 = Release|x86
		{D21220D0-A076-4D33-8D96-71F3EDC78DD1}.AppStore|x86.Deploy.0 = Release|x86
		{D21220D0-A076-4D33-8D96-71F3EDC78DD1}.Debug|Any CPU.ActiveCfg = Debug|x86
		{D21220D0-A076-4D33-8D96-71F3EDC78DD1}.Debug|ARM.ActiveCfg = Debug|ARM
		{D21220D0-A076-4D33-8D96-71F3EDC78DD1}.Debug|ARM.Build.0 = Debug|ARM
		{D21220D0-A076-4D33-8D96-71F3EDC78DD1}.Debug|ARM.Deploy.0 = Debug|ARM
		{D21220D0-A076-4D33-8D96-71F3EDC78DD1}.Debug|iPhone.ActiveCfg = Debug|x86
		{D21220D0-A076-4D33-8D96-71F3EDC78DD1}.Debug|iPhoneSimulator.ActiveCfg = Debug|x86
		{D21220D0-A076-4D33-8D96-71F3EDC78DD1}.Debug|x64.ActiveCfg = Debug|x64
		{D21220D0-A076-4D33-8D96-71F3EDC78DD1}.Debug|x64.Build.0 = Debug|x64
		{D21220D0-A076-4D33-8D96-71F3EDC78DD1}.Debug|x64.Deploy.0 = Debug|x64
		{D21220D0-A076-4D33-8D96-71F3EDC78DD1}.Debug|x86.ActiveCfg = Debug|x86
		{D21220D0-A076-4D33-8D96-71F3EDC78DD1}.Debug|x86.Build.0 = Debug|x86
		{D21220D0-A076-4D33-8D96-71F3EDC78DD1}.Debug|x86.Deploy.0 = Debug|x86
		{D21220D0-A076-4D33-8D96-71F3EDC78DD1}.Release|Any CPU.ActiveCfg = Release|x86
		{D21220D0-A076-4D33-8D96-71F3EDC78DD1}.Release|ARM.ActiveCfg = Release|ARM
		{D21220D0-A076-4D33-8D96-71F3EDC78DD1}.Release|ARM.Build.0 = Release|ARM
		{D21220D0-A076-4D33-8D96-71F3EDC78DD1}.Release|ARM.Deploy.0 = Release|ARM
		{D21220D0-A076-4D33-8D96-71F3EDC78DD1}.Release|iPhone.ActiveCfg = Release|x86
		{D21220D0-A076-4D33-8D96-71F3EDC78DD1}.Release|iPhoneSimulator.ActiveCfg = Release|x86
		{D21220D0-A076-4D33-8D96-71F3EDC78DD1}.Release|x64.ActiveCfg = Release|x64
		{D21220D0-A076-4D33-8D96-71F3EDC78DD1}.Release|x64.Build.0 = Release|x64
		{D21220D0-A076-4D33-8D96-71F3EDC78DD1}.Release|x64.Deploy.0 = Release|x64
		{D21220D0-A076-4D33-8D96-71F3EDC78DD1}.Release|x86.ActiveCfg = Release|x86
		{D21220D0-A076-4D33-8D96-71F3EDC78DD1}.Release|x86.Build.0 = Release|x86
		{D21220D0-A076-4D33-8D96-71F3EDC78DD1}.Release|x86.Deploy.0 = Release|x86
		{20FDA6ED-B68E-4610-807B-F358668F181E}.Ad-Hoc|Any CPU.ActiveCfg = Release|Any CPU
		{20FDA6ED-B68E-4610-807B-F358668F181E}.Ad-Hoc|Any CPU.Build.0 = Release|Any CPU
		{20FDA6ED-B68E-4610-807B-F358668F181E}.Ad-Hoc|Any CPU.Deploy.0 = Release|Any CPU
		{20FDA6ED-B68E-4610-807B-F358668F181E}.Ad-Hoc|ARM.ActiveCfg = Release|Any CPU
		{20FDA6ED-B68E-4610-807B-F358668F181E}.Ad-Hoc|ARM.Build.0 = Release|Any CPU
		{20FDA6ED-B68E-4610-807B-F358668F181E}.Ad-Hoc|ARM.Deploy.0 = Release|Any CPU
		{20FDA6ED-B68E-4610-807B-F358668F181E}.Ad-Hoc|iPhone.ActiveCfg = Release|Any CPU
		{20FDA6ED-B68E-4610-807B-F358668F181E}.Ad-Hoc|iPhone.Build.0 = Release|Any CPU
		{20FDA6ED-B68E-4610-807B-F358668F181E}.Ad-Hoc|iPhone.Deploy.0 = Release|Any CPU
		{20FDA6ED-B68E-4610-807B-F358668F181E}.Ad-Hoc|iPhoneSimulator.ActiveCfg = Release|Any CPU
		{20FDA6ED-B68E-4610-807B-F358668F181E}.Ad-Hoc|iPhoneSimulator.Build.0 = Release|Any CPU
		{20FDA6ED-B68E-4610-807B-F358668F181E}.Ad-Hoc|iPhoneSimulator.Deploy.0 = Release|Any CPU
		{20FDA6ED-B68E-4610-807B-F358668F181E}.Ad-Hoc|x64.ActiveCfg = Release|Any CPU
		{20FDA6ED-B68E-4610-807B-F358668F181E}.Ad-Hoc|x64.Build.0 = Release|Any CPU
		{20FDA6ED-B68E-4610-807B-F358668F181E}.Ad-Hoc|x64.Deploy.0 = Release|Any CPU
		{20FDA6ED-B68E-4610-807B-F358668F181E}.Ad-Hoc|x86.ActiveCfg = Release|Any CPU
		{20FDA6ED-B68E-4610-807B-F358668F181E}.Ad-Hoc|x86.Build.0 = Release|Any CPU
		{20FDA6ED-B68E-4610-807B-F358668F181E}.Ad-Hoc|x86.Deploy.0 = Release|Any CPU
		{20FDA6ED-B68E-4610-807B-F358668F181E}.AppStore|Any CPU.ActiveCfg = Release|Any CPU
		{20FDA6ED-B68E-4610-807B-F358668F181E}.AppStore|Any CPU.Build.0 = Release|Any CPU
		{20FDA6ED-B68E-4610-807B-F358668F181E}.AppStore|Any CPU.Deploy.0 = Release|Any CPU
		{20FDA6ED-B68E-4610-807B-F358668F181E}.AppStore|ARM.ActiveCfg = Release|Any CPU
		{20FDA6ED-B68E-4610-807B-F358668F181E}.AppStore|ARM.Build.0 = Release|Any CPU
		{20FDA6ED-B68E-4610-807B-F358668F181E}.AppStore|ARM.Deploy.0 = Release|Any CPU
		{20FDA6ED-B68E-4610-807B-F358668F181E}.AppStore|iPhone.ActiveCfg = Release|Any CPU
		{20FDA6ED-B68E-4610-807B-F358668F181E}.AppStore|iPhone.Build.0 = Release|Any CPU
		{20FDA6ED-B68E-4610-807B-F358668F181E}.AppStore|iPhone.Deploy.0 = Release|Any CPU
		{20FDA6ED-B68E-4610-807B-F358668F181E}.AppStore|iPhoneSimulator.ActiveCfg = Release|Any CPU
		{20FDA6ED-B68E-4610-807B-F358668F181E}.AppStore|iPhoneSimulator.Build.0 = Release|Any CPU
		{20FDA6ED-B68E-4610-807B-F358668F181E}.AppStore|iPhoneSimulator.Deploy.0 = Release|Any CPU
		{20FDA6ED-B68E-4610-807B-F358668F181E}.AppStore|x64.ActiveCfg = Release|Any CPU
		{20FDA6ED-B68E-4610-807B-F358668F181E}.AppStore|x64.Build.0 = Release|Any CPU
		{20FDA6ED-B68E-4610-807B-F358668F181E}.AppStore|x64.Deploy.0 = Release|Any CPU
		{20FDA6ED-B68E-4610-807B-F358668F181E}.AppStore|x86.ActiveCfg = Release|Any CPU
		{20FDA6ED-B68E-4610-807B-F358668F181E}.AppStore|x86.Build.0 = Release|Any CPU
		{20FDA6ED-B68E-4610-807B-F358668F181E}.AppStore|x86.Deploy.0 = Release|Any CPU
		{20FDA6ED-B68E-4610-807B-F358668F181E}.Debug|Any CPU.ActiveCfg = Debug|Any CPU
		{20FDA6ED-B68E-4610-807B-F358668F181E}.Debug|Any CPU.Build.0 = Debug|Any CPU
		{20FDA6ED-B68E-4610-807B-F358668F181E}.Debug|Any CPU.Deploy.0 = Debug|Any CPU
		{20FDA6ED-B68E-4610-807B-F358668F181E}.Debug|ARM.ActiveCfg = Debug|Any CPU
		{20FDA6ED-B68E-4610-807B-F358668F181E}.Debug|ARM.Build.0 = Debug|Any CPU
		{20FDA6ED-B68E-4610-807B-F358668F181E}.Debug|ARM.Deploy.0 = Debug|Any CPU
		{20FDA6ED-B68E-4610-807B-F358668F181E}.Debug|iPhone.ActiveCfg = Debug|Any CPU
		{20FDA6ED-B68E-4610-807B-F358668F181E}.Debug|iPhone.Build.0 = Debug|Any CPU
		{20FDA6ED-B68E-4610-807B-F358668F181E}.Debug|iPhone.Deploy.0 = Debug|Any CPU
		{20FDA6ED-B68E-4610-807B-F358668F181E}.Debug|iPhoneSimulator.ActiveCfg = Debug|Any CPU
		{20FDA6ED-B68E-4610-807B-F358668F181E}.Debug|iPhoneSimulator.Build.0 = Debug|Any CPU
		{20FDA6ED-B68E-4610-807B-F358668F181E}.Debug|iPhoneSimulator.Deploy.0 = Debug|Any CPU
		{20FDA6ED-B68E-4610-807B-F358668F181E}.Debug|x64.ActiveCfg = Debug|Any CPU
		{20FDA6ED-B68E-4610-807B-F358668F181E}.Debug|x64.Build.0 = Debug|Any CPU
		{20FDA6ED-B68E-4610-807B-F358668F181E}.Debug|x64.Deploy.0 = Debug|Any CPU
		{20FDA6ED-B68E-4610-807B-F358668F181E}.Debug|x86.ActiveCfg = Debug|Any CPU
		{20FDA6ED-B68E-4610-807B-F358668F181E}.Debug|x86.Build.0 = Debug|Any CPU
		{20FDA6ED-B68E-4610-807B-F358668F181E}.Debug|x86.Deploy.0 = Debug|Any CPU
		{20FDA6ED-B68E-4610-807B-F358668F181E}.Release|Any CPU.ActiveCfg = Release|Any CPU
		{20FDA6ED-B68E-4610-807B-F358668F181E}.Release|Any CPU.Build.0 = Release|Any CPU
		{20FDA6ED-B68E-4610-807B-F358668F181E}.Release|Any CPU.Deploy.0 = Release|Any CPU
		{20FDA6ED-B68E-4610-807B-F358668F181E}.Release|ARM.ActiveCfg = Release|Any CPU
		{20FDA6ED-B68E-4610-807B-F358668F181E}.Release|ARM.Build.0 = Release|Any CPU
		{20FDA6ED-B68E-4610-807B-F358668F181E}.Release|ARM.Deploy.0 = Release|Any CPU
		{20FDA6ED-B68E-4610-807B-F358668F181E}.Release|iPhone.ActiveCfg = Release|Any CPU
		{20FDA6ED-B68E-4610-807B-F358668F181E}.Release|iPhone.Build.0 = Release|Any CPU
		{20FDA6ED-B68E-4610-807B-F358668F181E}.Release|iPhone.Deploy.0 = Release|Any CPU
		{20FDA6ED-B68E-4610-807B-F358668F181E}.Release|iPhoneSimulator.ActiveCfg = Release|Any CPU
		{20FDA6ED-B68E-4610-807B-F358668F181E}.Release|iPhoneSimulator.Build.0 = Release|Any CPU
		{20FDA6ED-B68E-4610-807B-F358668F181E}.Release|iPhoneSimulator.Deploy.0 = Release|Any CPU
		{20FDA6ED-B68E-4610-807B-F358668F181E}.Release|x64.ActiveCfg = Release|Any CPU
		{20FDA6ED-B68E-4610-807B-F358668F181E}.Release|x64.Build.0 = Release|Any CPU
		{20FDA6ED-B68E-4610-807B-F358668F181E}.Release|x64.Deploy.0 = Release|Any CPU
		{20FDA6ED-B68E-4610-807B-F358668F181E}.Release|x86.ActiveCfg = Release|Any CPU
		{20FDA6ED-B68E-4610-807B-F358668F181E}.Release|x86.Build.0 = Release|Any CPU
		{20FDA6ED-B68E-4610-807B-F358668F181E}.Release|x86.Deploy.0 = Release|Any CPU
		{B445DF73-AC9E-4276-9FBA-7CB5AD5D2518}.Ad-Hoc|Any CPU.ActiveCfg = Release|Any CPU
		{B445DF73-AC9E-4276-9FBA-7CB5AD5D2518}.Ad-Hoc|Any CPU.Build.0 = Release|Any CPU
		{B445DF73-AC9E-4276-9FBA-7CB5AD5D2518}.Ad-Hoc|ARM.ActiveCfg = Release|Any CPU
		{B445DF73-AC9E-4276-9FBA-7CB5AD5D2518}.Ad-Hoc|ARM.Build.0 = Release|Any CPU
		{B445DF73-AC9E-4276-9FBA-7CB5AD5D2518}.Ad-Hoc|iPhone.ActiveCfg = Release|Any CPU
		{B445DF73-AC9E-4276-9FBA-7CB5AD5D2518}.Ad-Hoc|iPhone.Build.0 = Release|Any CPU
		{B445DF73-AC9E-4276-9FBA-7CB5AD5D2518}.Ad-Hoc|iPhoneSimulator.ActiveCfg = Release|Any CPU
		{B445DF73-AC9E-4276-9FBA-7CB5AD5D2518}.Ad-Hoc|iPhoneSimulator.Build.0 = Release|Any CPU
		{B445DF73-AC9E-4276-9FBA-7CB5AD5D2518}.Ad-Hoc|x64.ActiveCfg = Release|Any CPU
		{B445DF73-AC9E-4276-9FBA-7CB5AD5D2518}.Ad-Hoc|x64.Build.0 = Release|Any CPU
		{B445DF73-AC9E-4276-9FBA-7CB5AD5D2518}.Ad-Hoc|x86.ActiveCfg = Release|Any CPU
		{B445DF73-AC9E-4276-9FBA-7CB5AD5D2518}.Ad-Hoc|x86.Build.0 = Release|Any CPU
		{B445DF73-AC9E-4276-9FBA-7CB5AD5D2518}.AppStore|Any CPU.ActiveCfg = Release|Any CPU
		{B445DF73-AC9E-4276-9FBA-7CB5AD5D2518}.AppStore|Any CPU.Build.0 = Release|Any CPU
		{B445DF73-AC9E-4276-9FBA-7CB5AD5D2518}.AppStore|ARM.ActiveCfg = Release|Any CPU
		{B445DF73-AC9E-4276-9FBA-7CB5AD5D2518}.AppStore|ARM.Build.0 = Release|Any CPU
		{B445DF73-AC9E-4276-9FBA-7CB5AD5D2518}.AppStore|iPhone.ActiveCfg = Release|Any CPU
		{B445DF73-AC9E-4276-9FBA-7CB5AD5D2518}.AppStore|iPhone.Build.0 = Release|Any CPU
		{B445DF73-AC9E-4276-9FBA-7CB5AD5D2518}.AppStore|iPhoneSimulator.ActiveCfg = Release|Any CPU
		{B445DF73-AC9E-4276-9FBA-7CB5AD5D2518}.AppStore|iPhoneSimulator.Build.0 = Release|Any CPU
		{B445DF73-AC9E-4276-9FBA-7CB5AD5D2518}.AppStore|x64.ActiveCfg = Release|Any CPU
		{B445DF73-AC9E-4276-9FBA-7CB5AD5D2518}.AppStore|x64.Build.0 = Release|Any CPU
		{B445DF73-AC9E-4276-9FBA-7CB5AD5D2518}.AppStore|x86.ActiveCfg = Release|Any CPU
		{B445DF73-AC9E-4276-9FBA-7CB5AD5D2518}.AppStore|x86.Build.0 = Release|Any CPU
		{B445DF73-AC9E-4276-9FBA-7CB5AD5D2518}.Debug|Any CPU.ActiveCfg = Debug|Any CPU
		{B445DF73-AC9E-4276-9FBA-7CB5AD5D2518}.Debug|Any CPU.Build.0 = Debug|Any CPU
		{B445DF73-AC9E-4276-9FBA-7CB5AD5D2518}.Debug|ARM.ActiveCfg = Debug|Any CPU
		{B445DF73-AC9E-4276-9FBA-7CB5AD5D2518}.Debug|ARM.Build.0 = Debug|Any CPU
		{B445DF73-AC9E-4276-9FBA-7CB5AD5D2518}.Debug|iPhone.ActiveCfg = Debug|Any CPU
		{B445DF73-AC9E-4276-9FBA-7CB5AD5D2518}.Debug|iPhone.Build.0 = Debug|Any CPU
		{B445DF73-AC9E-4276-9FBA-7CB5AD5D2518}.Debug|iPhoneSimulator.ActiveCfg = Debug|Any CPU
		{B445DF73-AC9E-4276-9FBA-7CB5AD5D2518}.Debug|iPhoneSimulator.Build.0 = Debug|Any CPU
		{B445DF73-AC9E-4276-9FBA-7CB5AD5D2518}.Debug|x64.ActiveCfg = Debug|Any CPU
		{B445DF73-AC9E-4276-9FBA-7CB5AD5D2518}.Debug|x64.Build.0 = Debug|Any CPU
		{B445DF73-AC9E-4276-9FBA-7CB5AD5D2518}.Debug|x86.ActiveCfg = Debug|Any CPU
		{B445DF73-AC9E-4276-9FBA-7CB5AD5D2518}.Debug|x86.Build.0 = Debug|Any CPU
		{B445DF73-AC9E-4276-9FBA-7CB5AD5D2518}.Release|Any CPU.ActiveCfg = Release|Any CPU
		{B445DF73-AC9E-4276-9FBA-7CB5AD5D2518}.Release|Any CPU.Build.0 = Release|Any CPU
		{B445DF73-AC9E-4276-9FBA-7CB5AD5D2518}.Release|ARM.ActiveCfg = Release|Any CPU
		{B445DF73-AC9E-4276-9FBA-7CB5AD5D2518}.Release|ARM.Build.0 = Release|Any CPU
		{B445DF73-AC9E-4276-9FBA-7CB5AD5D2518}.Release|iPhone.ActiveCfg = Release|Any CPU
		{B445DF73-AC9E-4276-9FBA-7CB5AD5D2518}.Release|iPhone.Build.0 = Release|Any CPU
		{B445DF73-AC9E-4276-9FBA-7CB5AD5D2518}.Release|iPhoneSimulator.ActiveCfg = Release|Any CPU
		{B445DF73-AC9E-4276-9FBA-7CB5AD5D2518}.Release|iPhoneSimulator.Build.0 = Release|Any CPU
		{B445DF73-AC9E-4276-9FBA-7CB5AD5D2518}.Release|x64.ActiveCfg = Release|Any CPU
		{B445DF73-AC9E-4276-9FBA-7CB5AD5D2518}.Release|x64.Build.0 = Release|Any CPU
		{B445DF73-AC9E-4276-9FBA-7CB5AD5D2518}.Release|x86.ActiveCfg = Release|Any CPU
		{B445DF73-AC9E-4276-9FBA-7CB5AD5D2518}.Release|x86.Build.0 = Release|Any CPU
	EndGlobalSection
	GlobalSection(SolutionProperties) = preSolution
		HideSolutionNode = FALSE
	EndGlobalSection
	GlobalSection(ExtensibilityGlobals) = postSolution
		SolutionGuid = {F6D05029-56B8-4E45-AF2D-0E76295DDBA2}
	EndGlobalSection
EndGlobal
